
Microsoft Visual Studio Solution File, Format Version 12.00
# Visual Studio Version 16
VisualStudioVersion = 16.0.31424.327
MinimumVisualStudioVersion = 10.0.40219.1
Project("{FAE04EC0-301F-11D3-BF4B-00C04F79EFBC}") = "ParkManager", "Teste\ParkManager.csproj", "{A02C09BE-E09B-47A4-9580-4F00C00BBA65}"
EndProject
Project("{2150E333-8FDC-42A3-9474-1A3956D46DE8}") = "Solution Items", "Solution Items", "{92913129-07FA-4888-AE4A-47D4F431AE35}"
EndProject
Global
	GlobalSection(SolutionConfigurationPlatforms) = preSolution
		Debug|Any CPU = Debug|Any CPU
		Release|Any CPU = Release|Any CPU
	EndGlobalSection
	GlobalSection(ProjectConfigurationPlatforms) = postSolution
		{A02C09BE-E09B-47A4-9580-4F00C00BBA65}.Debug|Any CPU.ActiveCfg = Debug|Any CPU
		{A02C09BE-E09B-47A4-9580-4F00C00BBA65}.Debug|Any CPU.Build.0 = Debug|Any CPU
		{A02C09BE-E09B-47A4-9580-4F00C00BBA65}.Release|Any CPU.ActiveCfg = Release|Any CPU
		{A02C09BE-E09B-47A4-9580-4F00C00BBA65}.Release|Any CPU.Build.0 = Release|Any CPU
	EndGlobalSection
	GlobalSection(SolutionProperties) = preSolution
		HideSolutionNode = FALSE
	EndGlobalSection
	GlobalSection(ExtensibilityGlobals) = postSolution
		SolutionGuid = {B51425D1-37FF-4C5C-9D95-5F4B77D5CE4E}
	EndGlobalSection
EndGlobal
